
Microsoft Visual Studio Solution File, Format Version 12.00
# Visual Studio 14
VisualStudioVersion = 14.0.25420.1
MinimumVisualStudioVersion = 10.0.40219.1
Project("{FAE04EC0-301F-11D3-BF4B-00C04F79EFBC}") = "QueryAttack", "QueryAttack\QueryAttack.csproj", "{BB5FAB26-1873-47B0-802F-1BB5978FD251}"
EndProject
Project("{FAE04EC0-301F-11D3-BF4B-00C04F79EFBC}") = "QuerryAttack.Tests", "QuerryAttack.Tests\QuerryAttack.Tests.csproj", "{7BDEAB32-8F14-4556-9A38-AE077F4F4167}"
EndProject
Global
	GlobalSection(SolutionConfigurationPlatforms) = preSolution
		Debug|Any CPU = Debug|Any CPU
		Release|Any CPU = Release|Any CPU
	EndGlobalSection
	GlobalSection(ProjectConfigurationPlatforms) = postSolution
		{BB5FAB26-1873-47B0-802F-1BB5978FD251}.Debug|Any CPU.ActiveCfg = Debug|Any CPU
		{BB5FAB26-1873-47B0-802F-1BB5978FD251}.Debug|Any CPU.Build.0 = Debug|Any CPU
		{BB5FAB26-1873-47B0-802F-1BB5978FD251}.Release|Any CPU.ActiveCfg = Release|Any CPU
		{BB5FAB26-1873-47B0-802F-1BB5978FD251}.Release|Any CPU.Build.0 = Release|Any CPU
		{7BDEAB32-8F14-4556-9A38-AE077F4F4167}.Debug|Any CPU.ActiveCfg = Debug|Any CPU
		{7BDEAB32-8F14-4556-9A38-AE077F4F4167}.Debug|Any CPU.Build.0 = Debug|Any CPU
		{7BDEAB32-8F14-4556-9A38-AE077F4F4167}.Release|Any CPU.ActiveCfg = Release|Any CPU
		{7BDEAB32-8F14-4556-9A38-AE077F4F4167}.Release|Any CPU.Build.0 = Release|Any CPU
	EndGlobalSection
	GlobalSection(SolutionProperties) = preSolution
		HideSolutionNode = FALSE
	EndGlobalSection
EndGlobal
